
Microsoft Visual Studio Solution File, Format Version 12.00
# Visual Studio Version 16
VisualStudioVersion = 16.0.31025.194
MinimumVisualStudioVersion = 10.0.40219.1
Project("{FAE04EC0-301F-11D3-BF4B-00C04F79EFBC}") = "KampIntro", "KampIntro\KampIntro.csproj", "{AF0E1013-4D86-4EE0-B5C8-4F29E5DA974C}"
EndProject
Project("{FAE04EC0-301F-11D3-BF4B-00C04F79EFBC}") = "Metotlar", "Metotlar\Metotlar.csproj", "{938F9D7D-BDD9-44DD-B425-95DB2162FBAE}"
EndProject
Project("{FAE04EC0-301F-11D3-BF4B-00C04F79EFBC}") = "Matematik", "Matematik\Matematik.csproj", "{9ECAFDDD-12D0-4B83-9C49-9231C5A27B2C}"
EndProject
Project("{FAE04EC0-301F-11D3-BF4B-00C04F79EFBC}") = "ClassIntro", "ClassIntro\ClassIntro.csproj", "{102B1B56-9D69-4949-A0B0-C68F47686F2E}"
EndProject
Project("{FAE04EC0-301F-11D3-BF4B-00C04F79EFBC}") = "DegerVeReferansTipler", "DegerVeReferansTipler\DegerVeReferansTipler.csproj", "{B077C1DF-8BDF-4FC2-8ED7-67DC1CC25150}"
EndProject
Global
	GlobalSection(SolutionConfigurationPlatforms) = preSolution
		Debug|Any CPU = Debug|Any CPU
		Release|Any CPU = Release|Any CPU
	EndGlobalSection
	GlobalSection(ProjectConfigurationPlatforms) = postSolution
		{AF0E1013-4D86-4EE0-B5C8-4F29E5DA974C}.Debug|Any CPU.ActiveCfg = Debug|Any CPU
		{AF0E1013-4D86-4EE0-B5C8-4F29E5DA974C}.Debug|Any CPU.Build.0 = Debug|Any CPU
		{AF0E1013-4D86-4EE0-B5C8-4F29E5DA974C}.Release|Any CPU.ActiveCfg = Release|Any CPU
		{AF0E1013-4D86-4EE0-B5C8-4F29E5DA974C}.Release|Any CPU.Build.0 = Release|Any CPU
		{938F9D7D-BDD9-44DD-B425-95DB2162FBAE}.Debug|Any CPU.ActiveCfg = Debug|Any CPU
		{938F9D7D-BDD9-44DD-B425-95DB2162FBAE}.Debug|Any CPU.Build.0 = Debug|Any CPU
		{938F9D7D-BDD9-44DD-B425-95DB2162FBAE}.Release|Any CPU.ActiveCfg = Release|Any CPU
		{938F9D7D-BDD9-44DD-B425-95DB2162FBAE}.Release|Any CPU.Build.0 = Release|Any CPU
		{9ECAFDDD-12D0-4B83-9C49-9231C5A27B2C}.Debug|Any CPU.ActiveCfg = Debug|Any CPU
		{9ECAFDDD-12D0-4B83-9C49-9231C5A27B2C}.Debug|Any CPU.Build.0 = Debug|Any CPU
		{9ECAFDDD-12D0-4B83-9C49-9231C5A27B2C}.Release|Any CPU.ActiveCfg = Release|Any CPU
		{9ECAFDDD-12D0-4B83-9C49-9231C5A27B2C}.Release|Any CPU.Build.0 = Release|Any CPU
		{102B1B56-9D69-4949-A0B0-C68F47686F2E}.Debug|Any CPU.ActiveCfg = Debug|Any CPU
		{102B1B56-9D69-4949-A0B0-C68F47686F2E}.Debug|Any CPU.Build.0 = Debug|Any CPU
		{102B1B56-9D69-4949-A0B0-C68F47686F2E}.Release|Any CPU.ActiveCfg = Release|Any CPU
		{102B1B56-9D69-4949-A0B0-C68F47686F2E}.Release|Any CPU.Build.0 = Release|Any CPU
		{B077C1DF-8BDF-4FC2-8ED7-67DC1CC25150}.Debug|Any CPU.ActiveCfg = Debug|Any CPU
		{B077C1DF-8BDF-4FC2-8ED7-67DC1CC25150}.Debug|Any CPU.Build.0 = Debug|Any CPU
		{B077C1DF-8BDF-4FC2-8ED7-67DC1CC25150}.Release|Any CPU.ActiveCfg = Release|Any CPU
		{B077C1DF-8BDF-4FC2-8ED7-67DC1CC25150}.Release|Any CPU.Build.0 = Release|Any CPU
	EndGlobalSection
	GlobalSection(SolutionProperties) = preSolution
		HideSolutionNode = FALSE
	EndGlobalSection
	GlobalSection(ExtensibilityGlobals) = postSolution
		SolutionGuid = {AB7E0116-5EA4-43A3-B0BD-48E45BB00D7F}
	EndGlobalSection
EndGlobal
